Microsoft Visual Studio Solution File, Format Version 12.00
# Visual Studio Version 17
VisualStudioVersion = 17.5.2.0
MinimumVisualStudioVersion = 10.0.40219.1
Project("{2150E333-8FDC-42A3-9474-1A3956D46DE8}") = "csharp-bridge", "csharp-bridge", "{E4E966B1-DB75-D66F-4BC9-91B63C64FBEF}"
EndProject
Project("{FAE04EC0-301F-11D3-BF4B-00C04F79EFBC}") = "RustJavaModsBridge", "csharp-bridge\RustJavaModsBridge.csproj", "{8BFC9E02-B444-7433-41E4-A1AD89A3852B}"
EndProject
Global
	GlobalSection(SolutionConfigurationPlatforms) = preSolution
		Debug|Any CPU = Debug|Any CPU
		Release|Any CPU = Release|Any CPU
	EndGlobalSection
	GlobalSection(ProjectConfigurationPlatforms) = postSolution
		{8BFC9E02-B444-7433-41E4-A1AD89A3852B}.Debug|Any CPU.ActiveCfg = Debug|Any CPU
		{8BFC9E02-B444-7433-41E4-A1AD89A3852B}.Debug|Any CPU.Build.0 = Debug|Any CPU
		{8BFC9E02-B444-7433-41E4-A1AD89A3852B}.Release|Any CPU.ActiveCfg = Release|Any CPU
		{8BFC9E02-B444-7433-41E4-A1AD89A3852B}.Release|Any CPU.Build.0 = Release|Any CPU
	EndGlobalSection
	GlobalSection(SolutionProperties) = preSolution
		HideSolutionNode = FALSE
	EndGlobalSection
	GlobalSection(NestedProjects) = preSolution
		{8BFC9E02-B444-7433-41E4-A1AD89A3852B} = {E4E966B1-DB75-D66F-4BC9-91B63C64FBEF}
	EndGlobalSection
	GlobalSection(ExtensibilityGlobals) = postSolution
		SolutionGuid = {6FD319E3-350E-49BB-BCFB-F35D7070EBCF}
	EndGlobalSection
EndGlobal
